
Microsoft Visual Studio Solution File, Format Version 12.00
# Visual Studio Version 17
VisualStudioVersion = 17.11.35312.102
MinimumVisualStudioVersion = 10.0.40219.1
Project("{2150E333-8FDC-42A3-9474-1A3956D46DE8}") = "Task0", "Task0", "{FA14991B-C2B5-4A6D-8289-F2FA24874627}"
EndProject
Project("{FAE04EC0-301F-11D3-BF4B-00C04F79EFBC}") = "Tyuiu.MokhamedAA.Sprint3.Task0.V14", "Tyuiu.MokhamedAA.Sprint3.Task0.V14\Tyuiu.MokhamedAA.Sprint3.Task0.V14.csproj", "{C6C6FF37-6054-4A62-95AC-1BF148A0A461}"
EndProject
Project("{FAE04EC0-301F-11D3-BF4B-00C04F79EFBC}") = "Tyuiu.MokhamedAA.Sprint3.Task0.V14.Lib", "Tyuiu.MokhamedAA.Sprint3.Task0.V14.Lib\Tyuiu.MokhamedAA.Sprint3.Task0.V14.Lib.csproj", "{A4EB802D-C335-4C11-B592-9B024A722758}"
EndProject
Project("{FAE04EC0-301F-11D3-BF4B-00C04F79EFBC}") = "Tyuiu.MokhamedAA.Sprint3.Task0.V14.Test", "Tyuiu.MokhamedAA.Sprint3.Task0.V14.Test\Tyuiu.MokhamedAA.Sprint3.Task0.V14.Test.csproj", "{3436BB04-3C3E-42C8-9FB8-7C367231AD85}"
EndProject
Project("{2150E333-8FDC-42A3-9474-1A3956D46DE8}") = "Task1", "Task1", "{0F2F0929-E78B-42EC-951C-632199423F70}"
EndProject
Project("{FAE04EC0-301F-11D3-BF4B-00C04F79EFBC}") = "Tyuiu.MokhamedAA.Sprint3.Task1.V7", "Tyuiu.MokhamedAA.Sprint3.Task1.V7\Tyuiu.MokhamedAA.Sprint3.Task1.V7.csproj", "{64BE9E05-ACE5-4565-805E-C178BCA342AE}"
EndProject
Project("{FAE04EC0-301F-11D3-BF4B-00C04F79EFBC}") = "Tyuiu.MokhamedAA.Sprint3.Task1.V7.Lib", "Tyuiu.MokhamedAA.Sprint3.Task1.V7.Lib\Tyuiu.MokhamedAA.Sprint3.Task1.V7.Lib.csproj", "{F535A083-1C76-4724-8819-67B3D342466E}"
EndProject
Project("{FAE04EC0-301F-11D3-BF4B-00C04F79EFBC}") = "Tyuiu.MokhamedAA.Sprint3.Task1.V7.Test", "Tyuiu.MokhamedAA.Sprint3.Task1.V7.Test\Tyuiu.MokhamedAA.Sprint3.Task1.V7.Test.csproj", "{A827822D-53FB-4988-B7B0-4EA12741F81D}"
EndProject
Project("{2150E333-8FDC-42A3-9474-1A3956D46DE8}") = "Task2", "Task2", "{0A98282A-3A11-49A4-BD70-D5EA8B6A304A}"
EndProject
Project("{FAE04EC0-301F-11D3-BF4B-00C04F79EFBC}") = "Tyuiu.MokhamedAA.Sprint3.Task2.V12", "Tyuiu.MokhamedAA.Sprint3.Task2.V12\Tyuiu.MokhamedAA.Sprint3.Task2.V12.csproj", "{CF17878B-D5F3-46E1-9A3C-7AAB4542FBF5}"
EndProject
Project("{FAE04EC0-301F-11D3-BF4B-00C04F79EFBC}") = "Tyuiu.MokhamedAA.Sprint3.Task2.V12.Lib", "Tyuiu.MokhamedAA.Sprint3.Task2.V12.Lib\Tyuiu.MokhamedAA.Sprint3.Task2.V12.Lib.csproj", "{CDB253D1-6C3A-4CE4-BB41-2A519338BC14}"
EndProject
Project("{FAE04EC0-301F-11D3-BF4B-00C04F79EFBC}") = "Tyuiu.MokhamedAA.Sprint3.Task2.V12.Test", "Tyuiu.MokhamedAA.Sprint3.Task2.V12.Test\Tyuiu.MokhamedAA.Sprint3.Task2.V12.Test.csproj", "{E850840B-98E4-4C76-9459-8B77EF67083A}"
EndProject
Global
	GlobalSection(SolutionConfigurationPlatforms) = preSolution
		Debug|Any CPU = Debug|Any CPU
		Release|Any CPU = Release|Any CPU
	EndGlobalSection
	GlobalSection(ProjectConfigurationPlatforms) = postSolution
		{C6C6FF37-6054-4A62-95AC-1BF148A0A461}.Debug|Any CPU.ActiveCfg = Debug|Any CPU
		{C6C6FF37-6054-4A62-95AC-1BF148A0A461}.Debug|Any CPU.Build.0 = Debug|Any CPU
		{C6C6FF37-6054-4A62-95AC-1BF148A0A461}.Release|Any CPU.ActiveCfg = Release|Any CPU
		{C6C6FF37-6054-4A62-95AC-1BF148A0A461}.Release|Any CPU.Build.0 = Release|Any CPU
		{A4EB802D-C335-4C11-B592-9B024A722758}.Debug|Any CPU.ActiveCfg = Debug|Any CPU
		{A4EB802D-C335-4C11-B592-9B024A722758}.Debug|Any CPU.Build.0 = Debug|Any CPU
		{A4EB802D-C335-4C11-B592-9B024A722758}.Release|Any CPU.ActiveCfg = Release|Any CPU
		{A4EB802D-C335-4C11-B592-9B024A722758}.Release|Any CPU.Build.0 = Release|Any CPU
		{3436BB04-3C3E-42C8-9FB8-7C367231AD85}.Debug|Any CPU.ActiveCfg = Debug|Any CPU
		{3436BB04-3C3E-42C8-9FB8-7C367231AD85}.Debug|Any CPU.Build.0 = Debug|Any CPU
		{3436BB04-3C3E-42C8-9FB8-7C367231AD85}.Release|Any CPU.ActiveCfg = Release|Any CPU
		{3436BB04-3C3E-42C8-9FB8-7C367231AD85}.Release|Any CPU.Build.0 = Release|Any CPU
		{64BE9E05-ACE5-4565-805E-C178BCA342AE}.Debug|Any CPU.ActiveCfg = Debug|Any CPU
		{64BE9E05-ACE5-4565-805E-C178BCA342AE}.Debug|Any CPU.Build.0 = Debug|Any CPU
		{64BE9E05-ACE5-4565-805E-C178BCA342AE}.Release|Any CPU.ActiveCfg = Release|Any CPU
		{64BE9E05-ACE5-4565-805E-C178BCA342AE}.Release|Any CPU.Build.0 = Release|Any CPU
		{F535A083-1C76-4724-8819-67B3D342466E}.Debug|Any CPU.ActiveCfg = Debug|Any CPU
		{F535A083-1C76-4724-8819-67B3D342466E}.Debug|Any CPU.Build.0 = Debug|Any CPU
		{F535A083-1C76-4724-8819-67B3D342466E}.Release|Any CPU.ActiveCfg = Release|Any CPU
		{F535A083-1C76-4724-8819-67B3D342466E}.Release|Any CPU.Build.0 = Release|Any CPU
		{A827822D-53FB-4988-B7B0-4EA12741F81D}.Debug|Any CPU.ActiveCfg = Debug|Any CPU
		{A827822D-53FB-4988-B7B0-4EA12741F81D}.Debug|Any CPU.Build.0 = Debug|Any CPU
		{A827822D-53FB-4988-B7B0-4EA12741F81D}.Release|Any CPU.ActiveCfg = Release|Any CPU
		{A827822D-53FB-4988-B7B0-4EA12741F81D}.Release|Any CPU.Build.0 = Release|Any CPU
		{CF17878B-D5F3-46E1-9A3C-7AAB4542FBF5}.Debug|Any CPU.ActiveCfg = Debug|Any CPU
		{CF17878B-D5F3-46E1-9A3C-7AAB4542FBF5}.Debug|Any CPU.Build.0 = Debug|Any CPU
		{CF17878B-D5F3-46E1-9A3C-7AAB4542FBF5}.Release|Any CPU.ActiveCfg = Release|Any CPU
		{CF17878B-D5F3-46E1-9A3C-7AAB4542FBF5}.Release|Any CPU.Build.0 = Release|Any CPU
		{CDB253D1-6C3A-4CE4-BB41-2A519338BC14}.Debug|Any CPU.ActiveCfg = Debug|Any CPU
		{CDB253D1-6C3A-4CE4-BB41-2A519338BC14}.Debug|Any CPU.Build.0 = Debug|Any CPU
		{CDB253D1-6C3A-4CE4-BB41-2A519338BC14}.Release|Any CPU.ActiveCfg = Release|Any CPU
		{CDB253D1-6C3A-4CE4-BB41-2A519338BC14}.Release|Any CPU.Build.0 = Release|Any CPU
		{E850840B-98E4-4C76-9459-8B77EF67083A}.Debug|Any CPU.ActiveCfg = Debug|Any CPU
		{E850840B-98E4-4C76-9459-8B77EF67083A}.Debug|Any CPU.Build.0 = Debug|Any CPU
		{E850840B-98E4-4C76-9459-8B77EF67083A}.Release|Any CPU.ActiveCfg = Release|Any CPU
		{E850840B-98E4-4C76-9459-8B77EF67083A}.Release|Any CPU.Build.0 = Release|Any CPU
	EndGlobalSection
	GlobalSection(SolutionProperties) = preSolution
		HideSolutionNode = FALSE
	EndGlobalSection
	GlobalSection(NestedProjects) = preSolution
		{C6C6FF37-6054-4A62-95AC-1BF148A0A461} = {FA14991B-C2B5-4A6D-8289-F2FA24874627}
		{A4EB802D-C335-4C11-B592-9B024A722758} = {FA14991B-C2B5-4A6D-8289-F2FA24874627}
		{3436BB04-3C3E-42C8-9FB8-7C367231AD85} = {FA14991B-C2B5-4A6D-8289-F2FA24874627}
		{64BE9E05-ACE5-4565-805E-C178BCA342AE} = {0F2F0929-E78B-42EC-951C-632199423F70}
		{F535A083-1C76-4724-8819-67B3D342466E} = {0F2F0929-E78B-42EC-951C-632199423F70}
		{A827822D-53FB-4988-B7B0-4EA12741F81D} = {0F2F0929-E78B-42EC-951C-632199423F70}
		{CF17878B-D5F3-46E1-9A3C-7AAB4542FBF5} = {0A98282A-3A11-49A4-BD70-D5EA8B6A304A}
		{CDB253D1-6C3A-4CE4-BB41-2A519338BC14} = {0A98282A-3A11-49A4-BD70-D5EA8B6A304A}
		{E850840B-98E4-4C76-9459-8B77EF67083A} = {0A98282A-3A11-49A4-BD70-D5EA8B6A304A}
	EndGlobalSection
	GlobalSection(ExtensibilityGlobals) = postSolution
		SolutionGuid = {B1293A6F-B727-4D5B-A9CC-B6B80288D4C0}
	EndGlobalSection
EndGlobal
